
Microsoft Visual Studio Solution File, Format Version 12.00
# Visual Studio Version 17
VisualStudioVersion = 17.6.33829.357
MinimumVisualStudioVersion = 10.0.40219.1
Project("{FAE04EC0-301F-11D3-BF4B-00C04F79EFBC}") = "MatrixAddition", "MatrixAddition\MatrixAddition.csproj", "{06F033AF-30E4-4CA8-A255-709C49FB7742}"
EndProject
Global
	GlobalSection(SolutionConfigurationPlatforms) = preSolution
		Debug|Any CPU = Debug|Any CPU
		Release|Any CPU = Release|Any CPU
	EndGlobalSection
	GlobalSection(ProjectConfigurationPlatforms) = postSolution
		{06F033AF-30E4-4CA8-A255-709C49FB7742}.Debug|Any CPU.ActiveCfg = Debug|Any CPU
		{06F033AF-30E4-4CA8-A255-709C49FB7742}.Debug|Any CPU.Build.0 = Debug|Any CPU
		{06F033AF-30E4-4CA8-A255-709C49FB7742}.Release|Any CPU.ActiveCfg = Release|Any CPU
		{06F033AF-30E4-4CA8-A255-709C49FB7742}.Release|Any CPU.Build.0 = Release|Any CPU
	EndGlobalSection
	GlobalSection(SolutionProperties) = preSolution
		HideSolutionNode = FALSE
	EndGlobalSection
	GlobalSection(ExtensibilityGlobals) = postSolution
		SolutionGuid = {7D333727-368C-4FFB-921C-8CB94834FAB5}
	EndGlobalSection
EndGlobal
