
Microsoft Visual Studio Solution File, Format Version 12.00
# Visual Studio Version 17
VisualStudioVersion = 17.6.33829.357
MinimumVisualStudioVersion = 10.0.40219.1
Project("{FAE04EC0-301F-11D3-BF4B-00C04F79EFBC}") = "Week6Program1", "Week8Program1\Week6Program1.csproj", "{DBD31919-AC59-4CB2-B887-D6B1A8B1C456}"
EndProject
Global
	GlobalSection(SolutionConfigurationPlatforms) = preSolution
		Debug|Any CPU = Debug|Any CPU
		Release|Any CPU = Release|Any CPU
	EndGlobalSection
	GlobalSection(ProjectConfigurationPlatforms) = postSolution
		{DBD31919-AC59-4CB2-B887-D6B1A8B1C456}.Debug|Any CPU.ActiveCfg = Debug|Any CPU
		{DBD31919-AC59-4CB2-B887-D6B1A8B1C456}.Debug|Any CPU.Build.0 = Debug|Any CPU
		{DBD31919-AC59-4CB2-B887-D6B1A8B1C456}.Release|Any CPU.ActiveCfg = Release|Any CPU
		{DBD31919-AC59-4CB2-B887-D6B1A8B1C456}.Release|Any CPU.Build.0 = Release|Any CPU
	EndGlobalSection
	GlobalSection(SolutionProperties) = preSolution
		HideSolutionNode = FALSE
	EndGlobalSection
	GlobalSection(ExtensibilityGlobals) = postSolution
		SolutionGuid = {ACAED25F-6BF1-46F9-BF09-4FBDAE8BD1FF}
	EndGlobalSection
EndGlobal
