Microsoft Visual Studio Solution File, Format Version 11.00
# Visual Studio 2008

Project("{2EF2AFDD-2AF6-2810-DB1A-897A58B9F5B8}") = "Not Generic", "Assembly-CSharp-firstpass.csproj", "{F09D33BD-1731-E34D-2A32-49087DF87EC3}"
EndProject
Project("{2EF2AFDD-2AF6-2810-DB1A-897A58B9F5B8}") = "Not Generic", "Assembly-CSharp.csproj", "{0E1C665C-CC28-1D42-C1B7-2DDE9E5CEF8D}"
EndProject
Project("{2EF2AFDD-2AF6-2810-DB1A-897A58B9F5B8}") = "Not Generic", "Assembly-CSharp-Editor.csproj", "{214A0B3C-56B1-7FA6-B0A9-576C1125314E}"
EndProject
Global
	GlobalSection(SolutionConfigurationPlatforms) = preSolution
		Debug|Any CPU = Debug|Any CPU
		Release|Any CPU = Release|Any CPU
	EndGlobalSection
	GlobalSection(ProjectConfigurationPlatforms) = postSolution
		{F09D33BD-1731-E34D-2A32-49087DF87EC3}.Debug|Any CPU.ActiveCfg = Debug|Any CPU
		{F09D33BD-1731-E34D-2A32-49087DF87EC3}.Debug|Any CPU.Build.0 = Debug|Any CPU
		{F09D33BD-1731-E34D-2A32-49087DF87EC3}.Release|Any CPU.ActiveCfg = Release|Any CPU
		{F09D33BD-1731-E34D-2A32-49087DF87EC3}.Release|Any CPU.Build.0 = Release|Any CPU
		{0E1C665C-CC28-1D42-C1B7-2DDE9E5CEF8D}.Debug|Any CPU.ActiveCfg = Debug|Any CPU
		{0E1C665C-CC28-1D42-C1B7-2DDE9E5CEF8D}.Debug|Any CPU.Build.0 = Debug|Any CPU
		{0E1C665C-CC28-1D42-C1B7-2DDE9E5CEF8D}.Release|Any CPU.ActiveCfg = Release|Any CPU
		{0E1C665C-CC28-1D42-C1B7-2DDE9E5CEF8D}.Release|Any CPU.Build.0 = Release|Any CPU
		{214A0B3C-56B1-7FA6-B0A9-576C1125314E}.Debug|Any CPU.ActiveCfg = Debug|Any CPU
		{214A0B3C-56B1-7FA6-B0A9-576C1125314E}.Debug|Any CPU.Build.0 = Debug|Any CPU
		{214A0B3C-56B1-7FA6-B0A9-576C1125314E}.Release|Any CPU.ActiveCfg = Release|Any CPU
		{214A0B3C-56B1-7FA6-B0A9-576C1125314E}.Release|Any CPU.Build.0 = Release|Any CPU
	EndGlobalSection
	GlobalSection(SolutionProperties) = preSolution
		HideSolutionNode = FALSE
	EndGlobalSection
	GlobalSection(MonoDevelopProperties) = preSolution
		StartupItem = Assembly-CSharp.csproj
	EndGlobalSection
EndGlobal
