
Microsoft Visual Studio Solution File, Format Version 12.00
# Visual Studio Version 17
VisualStudioVersion = 17.6.33815.320
MinimumVisualStudioVersion = 10.0.40219.1
Project("{FAE04EC0-301F-11D3-BF4B-00C04F79EFBC}") = "BankTerminal", "BankTerminal.csproj", "{3462EFA0-28F5-4C02-966F-6A842B4896BF}"
EndProject
Project("{FAE04EC0-301F-11D3-BF4B-00C04F79EFBC}") = "UnitTests", "..\UnitTests\UnitTests.csproj", "{F959ABC3-E759-44BC-82DA-4C5DF37FAC62}"
EndProject
Global
	GlobalSection(SolutionConfigurationPlatforms) = preSolution
		Debug|Any CPU = Debug|Any CPU
		Release|Any CPU = Release|Any CPU
	EndGlobalSection
	GlobalSection(ProjectConfigurationPlatforms) = postSolution
		{3462EFA0-28F5-4C02-966F-6A842B4896BF}.Debug|Any CPU.ActiveCfg = Debug|Any CPU
		{3462EFA0-28F5-4C02-966F-6A842B4896BF}.Debug|Any CPU.Build.0 = Debug|Any CPU
		{3462EFA0-28F5-4C02-966F-6A842B4896BF}.Release|Any CPU.ActiveCfg = Release|Any CPU
		{3462EFA0-28F5-4C02-966F-6A842B4896BF}.Release|Any CPU.Build.0 = Release|Any CPU
		{F959ABC3-E759-44BC-82DA-4C5DF37FAC62}.Debug|Any CPU.ActiveCfg = Debug|Any CPU
		{F959ABC3-E759-44BC-82DA-4C5DF37FAC62}.Debug|Any CPU.Build.0 = Debug|Any CPU
		{F959ABC3-E759-44BC-82DA-4C5DF37FAC62}.Release|Any CPU.ActiveCfg = Release|Any CPU
		{F959ABC3-E759-44BC-82DA-4C5DF37FAC62}.Release|Any CPU.Build.0 = Release|Any CPU
	EndGlobalSection
	GlobalSection(SolutionProperties) = preSolution
		HideSolutionNode = FALSE
	EndGlobalSection
	GlobalSection(ExtensibilityGlobals) = postSolution
		SolutionGuid = {F1B80A74-CB6A-4B9A-B707-FCD5E1C1B067}
	EndGlobalSection
EndGlobal
