
Microsoft Visual Studio Solution File, Format Version 12.00
# Visual Studio Version 17
VisualStudioVersion = 17.6.33815.320
MinimumVisualStudioVersion = 10.0.40219.1
Project("{FAE04EC0-301F-11D3-BF4B-00C04F79EFBC}") = "MathPrinter", "MathPrinter.csproj", "{D12737DC-52D0-45DC-ABD4-EA3DA518FE8C}"
EndProject
Project("{9A19103F-16F7-4668-BE54-9A1E7A4F7556}") = "MathPrinter.nUnitTests", "..\UnitTests\MathPrinter.nUnitTests.csproj", "{F3BF6026-9CE9-4C61-9026-242CCCB399CC}"
EndProject
Global
	GlobalSection(SolutionConfigurationPlatforms) = preSolution
		Debug|Any CPU = Debug|Any CPU
		Release|Any CPU = Release|Any CPU
	EndGlobalSection
	GlobalSection(ProjectConfigurationPlatforms) = postSolution
		{D12737DC-52D0-45DC-ABD4-EA3DA518FE8C}.Debug|Any CPU.ActiveCfg = Debug|Any CPU
		{D12737DC-52D0-45DC-ABD4-EA3DA518FE8C}.Debug|Any CPU.Build.0 = Debug|Any CPU
		{D12737DC-52D0-45DC-ABD4-EA3DA518FE8C}.Release|Any CPU.ActiveCfg = Release|Any CPU
		{D12737DC-52D0-45DC-ABD4-EA3DA518FE8C}.Release|Any CPU.Build.0 = Release|Any CPU
		{F3BF6026-9CE9-4C61-9026-242CCCB399CC}.Debug|Any CPU.ActiveCfg = Debug|Any CPU
		{F3BF6026-9CE9-4C61-9026-242CCCB399CC}.Debug|Any CPU.Build.0 = Debug|Any CPU
		{F3BF6026-9CE9-4C61-9026-242CCCB399CC}.Release|Any CPU.ActiveCfg = Release|Any CPU
		{F3BF6026-9CE9-4C61-9026-242CCCB399CC}.Release|Any CPU.Build.0 = Release|Any CPU
	EndGlobalSection
	GlobalSection(SolutionProperties) = preSolution
		HideSolutionNode = FALSE
	EndGlobalSection
	GlobalSection(ExtensibilityGlobals) = postSolution
		SolutionGuid = {6E0AD0A4-F6CB-4E19-8B4E-FF1CBEFEEE55}
	EndGlobalSection
EndGlobal
